
Microsoft Visual Studio Solution File, Format Version 12.00
# Visual Studio Version 16
VisualStudioVersion = 16.0.30517.126
MinimumVisualStudioVersion = 10.0.40219.1
Project("{FAE04EC0-301F-11D3-BF4B-00C04F79EFBC}") = "nt_readCfg", "nt_readCfg\nt_readCfg.csproj", "{D437204E-B064-46ED-B477-58BC688BA558}"
EndProject
Global
	GlobalSection(SolutionConfigurationPlatforms) = preSolution
		Debug|Any CPU = Debug|Any CPU
		Release|Any CPU = Release|Any CPU
	EndGlobalSection
	GlobalSection(ProjectConfigurationPlatforms) = postSolution
		{D437204E-B064-46ED-B477-58BC688BA558}.Debug|Any CPU.ActiveCfg = Debug|Any CPU
		{D437204E-B064-46ED-B477-58BC688BA558}.Debug|Any CPU.Build.0 = Debug|Any CPU
		{D437204E-B064-46ED-B477-58BC688BA558}.Release|Any CPU.ActiveCfg = Release|Any CPU
		{D437204E-B064-46ED-B477-58BC688BA558}.Release|Any CPU.Build.0 = Release|Any CPU
	EndGlobalSection
	GlobalSection(SolutionProperties) = preSolution
		HideSolutionNode = FALSE
	EndGlobalSection
	GlobalSection(ExtensibilityGlobals) = postSolution
		SolutionGuid = {7C8ACF38-C65D-440C-A140-4AC4979C2665}
	EndGlobalSection
EndGlobal
